
Microsoft Visual Studio Solution File, Format Version 12.00
# Visual Studio Version 17
VisualStudioVersion = 17.14.36310.24
MinimumVisualStudioVersion = 10.0.40219.1
Project("{FAE04EC0-301F-11D3-BF4B-00C04F79EFBC}") = "MiniBloggingPlatform.Presentation", "MiniBloggingPlatform.Presentation\MiniBloggingPlatform.Presentation.csproj", "{57F2A746-90B4-42AD-ADE0-2EA5D2547298}"
EndProject
Project("{FAE04EC0-301F-11D3-BF4B-00C04F79EFBC}") = "MiniBloggingPlatform.Services", "MiniBloggingPlatform.Services\MiniBloggingPlatform.Services.csproj", "{01724409-9A5F-483A-86D3-5255C1CF3D15}"
EndProject
Project("{FAE04EC0-301F-11D3-BF4B-00C04F79EFBC}") = "MiniBloggingPlatform.Infrastructure", "MiniBloggingPlatform.Infrastructure\MiniBloggingPlatform.Infrastructure.csproj", "{98E1A728-5FB6-49D6-AD24-FF4CD4D70831}"
EndProject
Global
	GlobalSection(SolutionConfigurationPlatforms) = preSolution
		Debug|Any CPU = Debug|Any CPU
		Debug|x64 = Debug|x64
		Debug|x86 = Debug|x86
		Release|Any CPU = Release|Any CPU
		Release|x64 = Release|x64
		Release|x86 = Release|x86
	EndGlobalSection
	GlobalSection(ProjectConfigurationPlatforms) = postSolution
		{57F2A746-90B4-42AD-ADE0-2EA5D2547298}.Debug|Any CPU.ActiveCfg = Debug|Any CPU
		{57F2A746-90B4-42AD-ADE0-2EA5D2547298}.Debug|Any CPU.Build.0 = Debug|Any CPU
		{57F2A746-90B4-42AD-ADE0-2EA5D2547298}.Debug|x64.ActiveCfg = Debug|Any CPU
		{57F2A746-90B4-42AD-ADE0-2EA5D2547298}.Debug|x64.Build.0 = Debug|Any CPU
		{57F2A746-90B4-42AD-ADE0-2EA5D2547298}.Debug|x86.ActiveCfg = Debug|Any CPU
		{57F2A746-90B4-42AD-ADE0-2EA5D2547298}.Debug|x86.Build.0 = Debug|Any CPU
		{57F2A746-90B4-42AD-ADE0-2EA5D2547298}.Release|Any CPU.ActiveCfg = Release|Any CPU
		{57F2A746-90B4-42AD-ADE0-2EA5D2547298}.Release|Any CPU.Build.0 = Release|Any CPU
		{57F2A746-90B4-42AD-ADE0-2EA5D2547298}.Release|x64.ActiveCfg = Release|Any CPU
		{57F2A746-90B4-42AD-ADE0-2EA5D2547298}.Release|x64.Build.0 = Release|Any CPU
		{57F2A746-90B4-42AD-ADE0-2EA5D2547298}.Release|x86.ActiveCfg = Release|Any CPU
		{57F2A746-90B4-42AD-ADE0-2EA5D2547298}.Release|x86.Build.0 = Release|Any CPU
		{01724409-9A5F-483A-86D3-5255C1CF3D15}.Debug|Any CPU.ActiveCfg = Debug|Any CPU
		{01724409-9A5F-483A-86D3-5255C1CF3D15}.Debug|Any CPU.Build.0 = Debug|Any CPU
		{01724409-9A5F-483A-86D3-5255C1CF3D15}.Debug|x64.ActiveCfg = Debug|Any CPU
		{01724409-9A5F-483A-86D3-5255C1CF3D15}.Debug|x64.Build.0 = Debug|Any CPU
		{01724409-9A5F-483A-86D3-5255C1CF3D15}.Debug|x86.ActiveCfg = Debug|Any CPU
		{01724409-9A5F-483A-86D3-5255C1CF3D15}.Debug|x86.Build.0 = Debug|Any CPU
		{01724409-9A5F-483A-86D3-5255C1CF3D15}.Release|Any CPU.ActiveCfg = Release|Any CPU
		{01724409-9A5F-483A-86D3-5255C1CF3D15}.Release|Any CPU.Build.0 = Release|Any CPU
		{01724409-9A5F-483A-86D3-5255C1CF3D15}.Release|x64.ActiveCfg = Release|Any CPU
		{01724409-9A5F-483A-86D3-5255C1CF3D15}.Release|x64.Build.0 = Release|Any CPU
		{01724409-9A5F-483A-86D3-5255C1CF3D15}.Release|x86.ActiveCfg = Release|Any CPU
		{01724409-9A5F-483A-86D3-5255C1CF3D15}.Release|x86.Build.0 = Release|Any CPU
		{98E1A728-5FB6-49D6-AD24-FF4CD4D70831}.Debug|Any CPU.ActiveCfg = Debug|Any CPU
		{98E1A728-5FB6-49D6-AD24-FF4CD4D70831}.Debug|Any CPU.Build.0 = Debug|Any CPU
		{98E1A728-5FB6-49D6-AD24-FF4CD4D70831}.Debug|x64.ActiveCfg = Debug|Any CPU
		{98E1A728-5FB6-49D6-AD24-FF4CD4D70831}.Debug|x64.Build.0 = Debug|Any CPU
		{98E1A728-5FB6-49D6-AD24-FF4CD4D70831}.Debug|x86.ActiveCfg = Debug|Any CPU
		{98E1A728-5FB6-49D6-AD24-FF4CD4D70831}.Debug|x86.Build.0 = Debug|Any CPU
		{98E1A728-5FB6-49D6-AD24-FF4CD4D70831}.Release|Any CPU.ActiveCfg = Release|Any CPU
		{98E1A728-5FB6-49D6-AD24-FF4CD4D70831}.Release|Any CPU.Build.0 = Release|Any CPU
		{98E1A728-5FB6-49D6-AD24-FF4CD4D70831}.Release|x64.ActiveCfg = Release|Any CPU
		{98E1A728-5FB6-49D6-AD24-FF4CD4D70831}.Release|x64.Build.0 = Release|Any CPU
		{98E1A728-5FB6-49D6-AD24-FF4CD4D70831}.Release|x86.ActiveCfg = Release|Any CPU
		{98E1A728-5FB6-49D6-AD24-FF4CD4D70831}.Release|x86.Build.0 = Release|Any CPU
	EndGlobalSection
	GlobalSection(SolutionProperties) = preSolution
		HideSolutionNode = FALSE
	EndGlobalSection
	GlobalSection(ExtensibilityGlobals) = postSolution
		SolutionGuid = {0AFE92B1-E8B7-44CA-842F-9CCF79F20013}
	EndGlobalSection
EndGlobal
